
Microsoft Visual Studio Solution File, Format Version 12.00
# Visual Studio Version 16
VisualStudioVersion = 16.0.31105.61
MinimumVisualStudioVersion = 10.0.40219.1
Project("{8BC9CEB8-8B4A-11D0-8D11-00A0C91BC942}") = "CppOcw", "CppOcw\CppOcw.vcxproj", "{FA18C791-CE4F-4F16-BBCE-2D286A2F3FB9}"
EndProject
Global
	GlobalSection(SolutionConfigurationPlatforms) = preSolution
		Debug|x64 = Debug|x64
		Debug|x86 = Debug|x86
		Release|x64 = Release|x64
		Release|x86 = Release|x86
	EndGlobalSection
	GlobalSection(ProjectConfigurationPlatforms) = postSolution
		{FA18C791-CE4F-4F16-BBCE-2D286A2F3FB9}.Debug|x64.ActiveCfg = Debug|x64
		{FA18C791-CE4F-4F16-BBCE-2D286A2F3FB9}.Debug|x64.Build.0 = Debug|x64
		{FA18C791-CE4F-4F16-BBCE-2D286A2F3FB9}.Debug|x86.ActiveCfg = Debug|Win32
		{FA18C791-CE4F-4F16-BBCE-2D286A2F3FB9}.Debug|x86.Build.0 = Debug|Win32
		{FA18C791-CE4F-4F16-BBCE-2D286A2F3FB9}.Release|x64.ActiveCfg = Release|x64
		{FA18C791-CE4F-4F16-BBCE-2D286A2F3FB9}.Release|x64.Build.0 = Release|x64
		{FA18C791-CE4F-4F16-BBCE-2D286A2F3FB9}.Release|x86.ActiveCfg = Release|Win32
		{FA18C791-CE4F-4F16-BBCE-2D286A2F3FB9}.Release|x86.Build.0 = Release|Win32
	EndGlobalSection
	GlobalSection(SolutionProperties) = preSolution
		HideSolutionNode = FALSE
	EndGlobalSection
	GlobalSection(ExtensibilityGlobals) = postSolution
		SolutionGuid = {5CDE8873-434E-494A-A528-8635EF2F1375}
	EndGlobalSection
EndGlobal
